// !$*UTF8*$!
{
	archiveVersion = 1;
	classes = {
	};
	objectVersion = 55;
	objects = {

/* Begin PBXBuildFile section */
		4AC7C5B427B420F30073EC49 /* AppDelegate.swift in Sources */ = {isa = PBXBuildFile; fileRef = 4AC7C5B327B420F30073EC49 /* AppDelegate.swift */; };
		4AC7C5B627B420F30073EC49 /* SceneDelegate.swift in Sources */ = {isa = PBXBuildFile; fileRef = 4AC7C5B527B420F30073EC49 /* SceneDelegate.swift */; };
		4AC7C5B827B420F30073EC49 /* ViewController.swift in Sources */ = {isa = PBXBuildFile; fileRef = 4AC7C5B727B420F30073EC49 /* ViewController.swift */; };
		4AC7C5BB27B420F30073EC49 /* Main.storyboard in Resources */ = {isa = PBXBuildFile; fileRef = 4AC7C5B927B420F30073EC49 /* Main.storyboard */; };
		4AC7C5BD27B420F50073EC49 /* Assets.xcassets in Resources */ = {isa = PBXBuildFile; fileRef = 4AC7C5BC27B420F50073EC49 /* Assets.xcassets */; };
		4AC7C5C027B420F50073EC49 /* LaunchScreen.storyboard in Resources */ = {isa = PBXBuildFile; fileRef = 4AC7C5BE27B420F50073EC49 /* LaunchScreen.storyboard */; };
		4AC7C5C827B423120073EC49 /* Network.swift in Sources */ = {isa = PBXBuildFile; fileRef = 4AC7C5C727B423120073EC49 /* Network.swift */; };
		4AC7C5CA27B4246B0073EC49 /* Earthquake.swift in Sources */ = {isa = PBXBuildFile; fileRef = 4AC7C5C927B4246B0073EC49 /* Earthquake.swift */; };
		4AC7C5CC27B45A440073EC49 /* EarthquakeCell.swift in Sources */ = {isa = PBXBuildFile; fileRef = 4AC7C5CB27B45A440073EC49 /* EarthquakeCell.swift */; };
		5F09DAC7EF7D948AFA1AC8A1 /* Pods_obssTest.framework in Frameworks */ = {isa = PBXBuildFile; fileRef = 9818F6D9A605BAF636C08820 /* Pods_obssTest.framework */; };
/* End PBXBuildFile section */

/* Begin PBXFileReference section */
		177B3D38C47847DF3462D303 /* Pods-obssTest.release.xcconfig */ = {isa = PBXFileReference; includeInIndex = 1; lastKnownFileType = text.xcconfig; name = "Pods-obssTest.release.xcconfig"; path = "Target Support Files/Pods-obssTest/Pods-obssTest.release.xcconfig"; sourceTree = "<group>"; };
		4940BBF33E9F0F604519FA90 /* Pods-obssTest.debug.xcconfig */ = {isa = PBXFileReference; includeInIndex = 1; lastKnownFileType = text.xcconfig; name = "Pods-obssTest.debug.xcconfig"; path = "Target Support Files/Pods-obssTest/Pods-obssTest.debug.xcconfig"; sourceTree = "<group>"; };
		4AC7C5B027B420F30073EC49 /* obssTest.app */ = {isa = PBXFileReference; explicitFileType = wrapper.application; includeInIndex = 0; path = obssTest.app; sourceTree = BUILT_PRODUCTS_DIR; };
		4AC7C5B327B420F30073EC49 /* AppDelegate.swift */ = {isa = PBXFileReference; lastKnownFileType = sourcecode.swift; path = AppDelegate.swift; sourceTree = "<group>"; };
		4AC7C5B527B420F30073EC49 /* SceneDelegate.swift */ = {isa = PBXFileReference; lastKnownFileType = sourcecode.swift; path = SceneDelegate.swift; sourceTree = "<group>"; };
		4AC7C5B727B420F30073EC49 /* ViewController.swift */ = {isa = PBXFileReference; lastKnownFileType = sourcecode.swift; path = ViewController.swift; sourceTree = "<group>"; };
		4AC7C5BA27B420F30073EC49 /* Base */ = {isa = PBXFileReference; lastKnownFileType = file.storyboard; name = Base; path = Base.lproj/Main.storyboard; sourceTree = "<group>"; };
		4AC7C5BC27B420F50073EC49 /* Assets.xcassets */ = {isa = PBXFileReference; lastKnownFileType = folder.assetcatalog; path = Assets.xcassets; sourceTree = "<group>"; };
		4AC7C5BF27B420F50073EC49 /* Base */ = {isa = PBXFileReference; lastKnownFileType = file.storyboard; name = Base; path = Base.lproj/LaunchScreen.storyboard; sourceTree = "<group>"; };
		4AC7C5C127B420F50073EC49 /* Info.plist */ = {isa = PBXFileReference; lastKnownFileType = text.plist.xml; path = Info.plist; sourceTree = "<group>"; };
		4AC7C5C727B423120073EC49 /* Network.swift */ = {isa = PBXFileReference; lastKnownFileType = sourcecode.swift; path = Network.swift; sourceTree = "<group>"; };
		4AC7C5C927B4246B0073EC49 /* Earthquake.swift */ = {isa = PBXFileReference; lastKnownFileType = sourcecode.swift; path = Earthquake.swift; sourceTree = "<group>"; };
		4AC7C5CB27B45A440073EC49 /* EarthquakeCell.swift */ = {isa = PBXFileReference; lastKnownFileType = sourcecode.swift; path = EarthquakeCell.swift; sourceTree = "<group>"; };
		9818F6D9A605BAF636C08820 /* Pods_obssTest.framework */ = {isa = PBXFileReference; explicitFileType = wrapper.framework; includeInIndex = 0; path = Pods_obssTest.framework; sourceTree = BUILT_PRODUCTS_DIR; };
/* End PBXFileReference section */

/* Begin PBXFrameworksBuildPhase section */
		4AC7C5AD27B420F30073EC49 /* Frameworks */ = {
			isa = PBXFrameworksBuildPhase;
			buildActionMask = 2147483647;
			files = (
				5F09DAC7EF7D948AFA1AC8A1 /* Pods_obssTest.framework in Frameworks */,
			);
			runOnlyForDeploymentPostprocessing = 0;
		};
/* End PBXFrameworksBuildPhase section */

/* Begin PBXGroup section */
		4AC7C5A727B420F30073EC49 = {
			isa = PBXGroup;
			children = (
				4AC7C5B227B420F30073EC49 /* obssTest */,
				4AC7C5B127B420F30073EC49 /* Products */,
				4CAF58339F61D5A792583C17 /* Pods */,
				87A099FBEE07E73B6E569F15 /* Frameworks */,
			);
			sourceTree = "<group>";
		};
		4AC7C5B127B420F30073EC49 /* Products */ = {
			isa = PBXGroup;
			children = (
				4AC7C5B027B420F30073EC49 /* obssTest.app */,
			);
			name = Products;
			sourceTree = "<group>";
		};
		4AC7C5B227B420F30073EC49 /* obssTest */ = {
			isa = PBXGroup;
			children = (
				4AC7C5B327B420F30073EC49 /* AppDelegate.swift */,
				4AC7C5B527B420F30073EC49 /* SceneDelegate.swift */,
				4AC7C5B727B420F30073EC49 /* ViewController.swift */,
				4AC7C5B927B420F30073EC49 /* Main.storyboard */,
				4AC7C5BC27B420F50073EC49 /* Assets.xcassets */,
				4AC7C5BE27B420F50073EC49 /* LaunchScreen.storyboard */,
				4AC7C5C127B420F50073EC49 /* Info.plist */,
				4AC7C5C727B423120073EC49 /* Network.swift */,
				4AC7C5C927B4246B0073EC49 /* Earthquake.swift */,
				4AC7C5CB27B45A440073EC49 /* EarthquakeCell.swift */,
			);
			path = obssTest;
			sourceTree = "<group>";
		};
		4CAF58339F61D5A792583C17 /* Pods */ = {
			isa = PBXGroup;
			children = (
				4940BBF33E9F0F604519FA90 /* Pods-obssTest.debug.xcconfig */,
				177B3D38C47847DF3462D303 /* Pods-obssTest.release.xcconfig */,
			);
			path = Pods;
			sourceTree = "<group>";
		};
		87A099FBEE07E73B6E569F15 /* Frameworks */ = {
			isa = PBXGroup;
			children = (
				9818F6D9A605BAF636C08820 /* Pods_obssTest.framework */,
			);
			name = Frameworks;
			sourceTree = "<group>";
		};
/* End PBXGroup section */

/* Begin PBXNativeTarget section */
		4AC7C5AF27B420F30073EC49 /* obssTest */ = {
			isa = PBXNativeTarget;
			buildConfigurationList = 4AC7C5C427B420F50073EC49 /* Build configuration list for PBXNativeTarget "obssTest" */;
			buildPhases = (
				40B38A1DE52CDD6119C3D770 /* [CP] Check Pods Manifest.lock */,
				4AC7C5AC27B420F30073EC49 /* Sources */,
				4AC7C5AD27B420F30073EC49 /* Frameworks */,
				4AC7C5AE27B420F30073EC49 /* Resources */,
				FC3868562BB9A64078181F61 /* [CP] Embed Pods Frameworks */,
			);
			buildRules = (
			);
			dependencies = (
			);
			name = obssTest;
			productName = obssTest;
			productReference = 4AC7C5B027B420F30073EC49 /* obssTest.app */;
			productType = "com.apple.product-type.application";
		};
/* End PBXNativeTarget section */

/* Begin PBXProject section */
		4AC7C5A827B420F30073EC49 /* Project object */ = {
			isa = PBXProject;
			attributes = {
				BuildIndependentTargetsInParallel = 1;
				LastSwiftUpdateCheck = 1310;
				LastUpgradeCheck = 1310;
				TargetAttributes = {
					4AC7C5AF27B420F30073EC49 = {
						CreatedOnToolsVersion = 13.1;
					};
				};
			};
			buildConfigurationList = 4AC7C5AB27B420F30073EC49 /* Build configuration list for PBXProject "obssTest" */;
			compatibilityVersion = "Xcode 13.0";
			developmentRegion = en;
			hasScannedForEncodings = 0;
			knownRegions = (
				en,
				Base,
			);
			mainGroup = 4AC7C5A727B420F30073EC49;
			productRefGroup = 4AC7C5B127B420F30073EC49 /* Products */;
			projectDirPath = "";
			projectRoot = "";
			targets = (
				4AC7C5AF27B420F30073EC49 /* obssTest */,
			);
		};
/* End PBXProject section */

/* Begin PBXResourcesBuildPhase section */
		4AC7C5AE27B420F30073EC49 /* Resources */ = {
			isa = PBXResourcesBuildPhase;
			buildActionMask = 2147483647;
			files = (
				4AC7C5C027B420F50073EC49 /* LaunchScreen.storyboard in Resources */,
				4AC7C5BD27B420F50073EC49 /* Assets.xcassets in Resources */,
				4AC7C5BB27B420F30073EC49 /* Main.storyboard in Resources */,
			);
			runOnlyForDeploymentPostprocessing = 0;
		};
/* End PBXResourcesBuildPhase section */

/* Begin PBXShellScriptBuildPhase section */
		40B38A1DE52CDD6119C3D770 /* [CP] Check Pods Manifest.lock */ = {
			isa = PBXShellScriptBuildPhase;
			buildActionMask = 2147483647;
			files = (
			);
			inputFileListPaths = (
			);
			inputPaths = (
				"${PODS_PODFILE_DIR_PATH}/Podfile.lock",
				"${PODS_ROOT}/Manifest.lock",
			);
			name = "[CP] Check Pods Manifest.lock";
			outputFileListPaths = (
			);
			outputPaths = (
				"$(DERIVED_FILE_DIR)/Pods-obssTest-checkManifestLockResult.txt",
			);
			runOnlyForDeploymentPostprocessing = 0;
			shellPath = /bin/sh;
			shellScript = "diff \"${PODS_PODFILE_DIR_PATH}/Podfile.lock\" \"${PODS_ROOT}/Manifest.lock\" > /dev/null\nif [ $? != 0 ] ; then\n    # print error to STDERR\n    echo \"error: The sandbox is not in sync with the Podfile.lock. Run 'pod install' or update your CocoaPods installation.\" >&2\n    exit 1\nfi\n# This output is used by Xcode 'outputs' to avoid re-running this script phase.\necho \"SUCCESS\" > \"${SCRIPT_OUTPUT_FILE_0}\"\n";
			showEnvVarsInLog = 0;
		};
		FC3868562BB9A64078181F61 /* [CP] Embed Pods Frameworks */ = {
			isa = PBXShellScriptBuildPhase;
			buildActionMask = 2147483647;
			files = (
			);
			inputFileListPaths = (
				"${PODS_ROOT}/Target Support Files/Pods-obssTest/Pods-obssTest-frameworks-${CONFIGURATION}-input-files.xcfilelist",
			);
			name = "[CP] Embed Pods Frameworks";
			outputFileListPaths = (
				"${PODS_ROOT}/Target Support Files/Pods-obssTest/Pods-obssTest-frameworks-${CONFIGURATION}-output-files.xcfilelist",
			);
			runOnlyForDeploymentPostprocessing = 0;
			shellPath = /bin/sh;
			shellScript = "\"${PODS_ROOT}/Target Support Files/Pods-obssTest/Pods-obssTest-frameworks.sh\"\n";
			showEnvVarsInLog = 0;
		};
/* End PBXShellScriptBuildPhase section */

/* Begin PBXSourcesBuildPhase section */
		4AC7C5AC27B420F30073EC49 /* Sources */ = {
			isa = PBXSourcesBuildPhase;
			buildActionMask = 2147483647;
			files = (
				4AC7C5CA27B4246B0073EC49 /* Earthquake.swift in Sources */,
				4AC7C5B827B420F30073EC49 /* ViewController.swift in Sources */,
				4AC7C5B427B420F30073EC49 /* AppDelegate.swift in Sources */,
				4AC7C5C827B423120073EC49 /* Network.swift in Sources */,
				4AC7C5CC27B45A440073EC49 /* EarthquakeCell.swift in Sources */,
				4AC7C5B627B420F30073EC49 /* SceneDelegate.swift in Sources */,
			);
			runOnlyForDeploymentPostprocessing = 0;
		};
/* End PBXSourcesBuildPhase section */

/* Begin PBXVariantGroup section */
		4AC7C5B927B420F30073EC49 /* Main.storyboard */ = {
			isa = PBXVariantGroup;
			children = (
				4AC7C5BA27B420F30073EC49 /* Base */,
			);
			name = Main.storyboard;
			sourceTree = "<group>";
		};
		4AC7C5BE27B420F50073EC49 /* LaunchScreen.storyboard */ = {
			isa = PBXVariantGroup;
			children = (
				4AC7C5BF27B420F50073EC49 /* Base */,
			);
			name = LaunchScreen.storyboard;
			sourceTree = "<group>";
		};
/* End PBXVariantGroup section */

/* Begin XCBuildConfiguration section */
		4AC7C5C227B420F50073EC49 /* Debug */ = {
			isa = XCBuildConfiguration;
			buildSettings = {
				ALWAYS_SEARCH_USER_PATHS = NO;
				CLANG_ANALYZER_NONNULL = YES;
				CLANG_ANALYZER_NUMBER_OBJECT_CONVERSION = YES_AGGRESSIVE;
				CLANG_CXX_LANGUAGE_STANDARD = "gnu++17";
				CLANG_CXX_LIBRARY = "libc++";
				CLANG_ENABLE_MODULES = YES;
				CLANG_ENABLE_OBJC_ARC = YES;
				CLANG_ENABLE_OBJC_WEAK = YES;
				CLANG_WARN_BLOCK_CAPTURE_AUTORELEASING = YES;
				CLANG_WARN_BOOL_CONVERSION = YES;
				CLANG_WARN_COMMA = YES;
				CLANG_WARN_CONSTANT_CONVERSION = YES;
				CLANG_WARN_DEPRECATED_OBJC_IMPLEMENTATIONS = YES;
				CLANG_WARN_DIRECT_OBJC_ISA_USAGE = YES_ERROR;
				CLANG_WARN_DOCUMENTATION_COMMENTS = YES;
				CLANG_WARN_EMPTY_BODY = YES;
				CLANG_WARN_ENUM_CONVERSION = YES;
				CLANG_WARN_INFINITE_RECURSION = YES;
				CLANG_WARN_INT_CONVERSION = YES;
				CLANG_WARN_NON_LITERAL_NULL_CONVERSION = YES;
				CLANG_WARN_OBJC_IMPLICIT_RETAIN_SELF = YES;
				CLANG_WARN_OBJC_LITERAL_CONVERSION = YES;
				CLANG_WARN_OBJC_ROOT_CLASS = YES_ERROR;
				CLANG_WARN_QUOTED_INCLUDE_IN_FRAMEWORK_HEADER = YES;
				CLANG_WARN_RANGE_LOOP_ANALYSIS = YES;
				CLANG_WARN_STRICT_PROTOTYPES = YES;
				CLANG_WARN_SUSPICIOUS_MOVE = YES;
				CLANG_WARN_UNGUARDED_AVAILABILITY = YES_AGGRESSIVE;
				CLANG_WARN_UNREACHABLE_CODE = YES;
				CLANG_WARN__DUPLICATE_METHOD_MATCH = YES;
				COPY_PHASE_STRIP = NO;
				DEBUG_INFORMATION_FORMAT = dwarf;
				ENABLE_STRICT_OBJC_MSGSEND = YES;
				ENABLE_TESTABILITY = YES;
				GCC_C_LANGUAGE_STANDARD = gnu11;
				GCC_DYNAMIC_NO_PIC = NO;
				GCC_NO_COMMON_BLOCKS = YES;
				GCC_OPTIMIZATION_LEVEL = 0;
				GCC_PREPROCESSOR_DEFINITIONS = (
					"DEBUG=1",
					"$(inherited)",
				);
				GCC_WARN_64_TO_32_BIT_CONVERSION = YES;
				GCC_WARN_ABOUT_RETURN_TYPE = YES_ERROR;
				GCC_WARN_UNDECLARED_SELECTOR = YES;
				GCC_WARN_UNINITIALIZED_AUTOS = YES_AGGRESSIVE;
				GCC_WARN_UNUSED_FUNCTION = YES;
				GCC_WARN_UNUSED_VARIABLE = YES;
				IPHONEOS_DEPLOYMENT_TARGET = 15.0;
				MTL_ENABLE_DEBUG_INFO = INCLUDE_SOURCE;
				MTL_FAST_MATH = YES;
				ONLY_ACTIVE_ARCH = YES;
				SDKROOT = iphoneos;
				SWIFT_ACTIVE_COMPILATION_CONDITIONS = DEBUG;
				SWIFT_OPTIMIZATION_LEVEL = "-Onone";
			};
			name = Debug;
		};
		4AC7C5C327B420F50073EC49 /* Release */ = {
			isa = XCBuildConfiguration;
			buildSettings = {
				ALWAYS_SEARCH_USER_PATHS = NO;
				CLANG_ANALYZER_NONNULL = YES;
				CLANG_ANALYZER_NUMBER_OBJECT_CONVERSION = YES_AGGRESSIVE;
				CLANG_CXX_LANGUAGE_STANDARD = "gnu++17";
				CLANG_CXX_LIBRARY = "libc++";
				CLANG_ENABLE_MODULES = YES;
				CLANG_ENABLE_OBJC_ARC = YES;
				CLANG_ENABLE_OBJC_WEAK = YES;
				CLANG_WARN_BLOCK_CAPTURE_AUTORELEASING = YES;
				CLANG_WARN_BOOL_CONVERSION = YES;
				CLANG_WARN_COMMA = YES;
				CLANG_WARN_CONSTANT_CONVERSION = YES;
				CLANG_WARN_DEPRECATED_OBJC_IMPLEMENTATIONS = YES;
				CLANG_WARN_DIRECT_OBJC_ISA_USAGE = YES_ERROR;
				CLANG_WARN_DOCUMENTATION_COMMENTS = YES;
				CLANG_WARN_EMPTY_BODY = YES;
				CLANG_WARN_ENUM_CONVERSION = YES;
				CLANG_WARN_INFINITE_RECURSION = YES;
				CLANG_WARN_INT_CONVERSION = YES;
				CLANG_WARN_NON_LITERAL_NULL_CONVERSION = YES;
				CLANG_WARN_OBJC_IMPLICIT_RETAIN_SELF = YES;
				CLANG_WARN_OBJC_LITERAL_CONVERSION = YES;
				CLANG_WARN_OBJC_ROOT_CLASS = YES_ERROR;
				CLANG_WARN_QUOTED_INCLUDE_IN_FRAMEWORK_HEADER = YES;
				CLANG_WARN_RANGE_LOOP_ANALYSIS = YES;
				CLANG_WARN_STRICT_PROTOTYPES = YES;
				CLANG_WARN_SUSPICIOUS_MOVE = YES;
				CLANG_WARN_UNGUARDED_AVAILABILITY = YES_AGGRESSIVE;
				CLANG_WARN_UNREACHABLE_CODE = YES;
				CLANG_WARN__DUPLICATE_METHOD_MATCH = YES;
				COPY_PHASE_STRIP = NO;
				DEBUG_INFORMATION_FORMAT = "dwarf-with-dsym";
				ENABLE_NS_ASSERTIONS = NO;
				ENABLE_STRICT_OBJC_MSGSEND = YES;
				GCC_C_LANGUAGE_STANDARD = gnu11;
				GCC_NO_COMMON_BLOCKS = YES;
				GCC_WARN_64_TO_32_BIT_CONVERSION = YES;
				GCC_WARN_ABOUT_RETURN_TYPE = YES_ERROR;
				GCC_WARN_UNDECLARED_SELECTOR = YES;
				GCC_WARN_UNINITIALIZED_AUTOS = YES_AGGRESSIVE;
				GCC_WARN_UNUSED_FUNCTION = YES;
				GCC_WARN_UNUSED_VARIABLE = YES;
				IPHONEOS_DEPLOYMENT_TARGET = 15.0;
				MTL_ENABLE_DEBUG_INFO = NO;
				MTL_FAST_MATH = YES;
				SDKROOT = iphoneos;
				SWIFT_COMPILATION_MODE = wholemodule;
				SWIFT_OPTIMIZATION_LEVEL = "-O";
				VALIDATE_PRODUCT = YES;
			};
			name = Release;
		};
		4AC7C5C527B420F50073EC49 /* Debug */ = {
			isa = XCBuildConfiguration;
			baseConfigurationReference = 4940BBF33E9F0F604519FA90 /* Pods-obssTest.debug.xcconfig */;
			buildSettings = {
				ASSETCATALOG_COMPILER_APPICON_NAME = AppIcon;
				ASSETCATALOG_COMPILER_GLOBAL_ACCENT_COLOR_NAME = AccentColor;
				CODE_SIGN_STYLE = Automatic;
				CURRENT_PROJECT_VERSION = 1;
				DEVELOPMENT_TEAM = LVZ67YT3WW;
				GENERATE_INFOPLIST_FILE = YES;
				INFOPLIST_FILE = obssTest/Info.plist;
				INFOPLIST_KEY_UIApplicationSupportsIndirectInputEvents = YES;
				INFOPLIST_KEY_UILaunchStoryboardName = LaunchScreen;
				INFOPLIST_KEY_UIMainStoryboardFile = Main;
				INFOPLIST_KEY_UISupportedInterfaceOrientations_iPad = "UIInterfaceOrientationPortrait UIInterfaceOrientationPortraitUpsideDown UIInterfaceOrientationLandscapeLeft UIInterfaceOrientationLandscapeRight";
				INFOPLIST_KEY_UISupportedInterfaceOrientations_iPhone = "UIInterfaceOrientationPortrait UIInterfaceOrientationLandscapeLeft UIInterfaceOrientationLandscapeRight";
				LD_RUNPATH_SEARCH_PATHS = (
					"$(inherited)",
					"@executable_path/Frameworks",
				);
				MARKETING_VERSION = 1.0;
				PRODUCT_BUNDLE_IDENTIFIER = com.google.obssTest;
				PRODUCT_NAME = "$(TARGET_NAME)";
				SWIFT_EMIT_LOC_STRINGS = YES;
				SWIFT_VERSION = 5.0;
				TARGETED_DEVICE_FAMILY = "1,2";
			};
			name = Debug;
		};
		4AC7C5C627B420F50073EC49 /* Release */ = {
			isa = XCBuildConfiguration;
			baseConfigurationReference = 177B3D38C47847DF3462D303 /* Pods-obssTest.release.xcconfig */;
			buildSettings = {
				ASSETCATALOG_COMPILER_APPICON_NAME = AppIcon;
				ASSETCATALOG_COMPILER_GLOBAL_ACCENT_COLOR_NAME = AccentColor;
				CODE_SIGN_STYLE = Automatic;
				CURRENT_PROJECT_VERSION = 1;
				DEVELOPMENT_TEAM = LVZ67YT3WW;
				GENERATE_INFOPLIST_FILE = YES;
				INFOPLIST_FILE = obssTest/Info.plist;
				INFOPLIST_KEY_UIApplicationSupportsIndirectInputEvents = YES;
				INFOPLIST_KEY_UILaunchStoryboardName = LaunchScreen;
				INFOPLIST_KEY_UIMainStoryboardFile = Main;
				INFOPLIST_KEY_UISupportedInterfaceOrientations_iPad = "UIInterfaceOrientationPortrait UIInterfaceOrientationPortraitUpsideDown UIInterfaceOrientationLandscapeLeft UIInterfaceOrientationLandscapeRight";
				INFOPLIST_KEY_UISupportedInterfaceOrientations_iPhone = "UIInterfaceOrientationPortrait UIInterfaceOrientationLandscapeLeft UIInterfaceOrientationLandscapeRight";
				LD_RUNPATH_SEARCH_PATHS = (
					"$(inherited)",
					"@executable_path/Frameworks",
				);
				MARKETING_VERSION = 1.0;
				PRODUCT_BUNDLE_IDENTIFIER = com.google.obssTest;
				PRODUCT_NAME = "$(TARGET_NAME)";
				SWIFT_EMIT_LOC_STRINGS = YES;
				SWIFT_VERSION = 5.0;
				TARGETED_DEVICE_FAMILY = "1,2";
			};
			name = Release;
		};
/* End XCBuildConfiguration section */

/* Begin XCConfigurationList section */
		4AC7C5AB27B420F30073EC49 /* Build configuration list for PBXProject "obssTest" */ = {
			isa = XCConfigurationList;
			buildConfigurations = (
				4AC7C5C227B420F50073EC49 /* Debug */,
				4AC7C5C327B420F50073EC49 /* Release */,
			);
			defaultConfigurationIsVisible = 0;
			defaultConfigurationName = Release;
		};
		4AC7C5C427B420F50073EC49 /* Build configuration list for PBXNativeTarget "obssTest" */ = {
			isa = XCConfigurationList;
			buildConfigurations = (
				4AC7C5C527B420F50073EC49 /* Debug */,
				4AC7C5C627B420F50073EC49 /* Release */,
			);
			defaultConfigurationIsVisible = 0;
			defaultConfigurationName = Release;
		};
/* End XCConfigurationList section */
	};
	rootObject = 4AC7C5A827B420F30073EC49 /* Project object */;
}
